// !$*UTF8*$!
{
	archiveVersion = 1;
	classes = {
	};
	objectVersion = 56;
	objects = {

/* Begin PBXBuildFile section */
		99450FED2AA92404006AFABD /* Json_dataApp.swift in Sources */ = {isa = PBXBuildFile; fileRef = 99450FEC2AA92404006AFABD /* Json_dataApp.swift */; };
		99450FEF2AA92404006AFABD /* ContentView.swift in Sources */ = {isa = PBXBuildFile; fileRef = 99450FEE2AA92404006AFABD /* ContentView.swift */; };
		99450FF12AA92404006AFABD /* Assets.xcassets in Resources */ = {isa = PBXBuildFile; fileRef = 99450FF02AA92404006AFABD /* Assets.xcassets */; };
		99450FF42AA92404006AFABD /* Preview Assets.xcassets in Resources */ = {isa = PBXBuildFile; fileRef = 99450FF32AA92404006AFABD /* Preview Assets.xcassets */; };
		99A6E37D2AA9ECEE001941BC /* PostModel.swift in Sources */ = {isa = PBXBuildFile; fileRef = 99A6E37C2AA9ECEE001941BC /* PostModel.swift */; };
		99A6E37F2AA9ED1F001941BC /* DataController.swift in Sources */ = {isa = PBXBuildFile; fileRef = 99A6E37E2AA9ED1F001941BC /* DataController.swift */; };
		99A6E3822AA9EFC9001941BC /* DetailView.swift in Sources */ = {isa = PBXBuildFile; fileRef = 99A6E3812AA9EFC9001941BC /* DetailView.swift */; };
		99A6E3892AAB8E14001941BC /* PostView.swift in Sources */ = {isa = PBXBuildFile; fileRef = 99A6E3882AAB8E14001941BC /* PostView.swift */; };
/* End PBXBuildFile section */

/* Begin PBXFileReference section */
		99450FE92AA92404006AFABD /* Json data.app */ = {isa = PBXFileReference; explicitFileType = wrapper.application; includeInIndex = 0; path = "Json data.app"; sourceTree = BUILT_PRODUCTS_DIR; };
		99450FEC2AA92404006AFABD /* Json_dataApp.swift */ = {isa = PBXFileReference; lastKnownFileType = sourcecode.swift; path = Json_dataApp.swift; sourceTree = "<group>"; };
		99450FEE2AA92404006AFABD /* ContentView.swift */ = {isa = PBXFileReference; lastKnownFileType = sourcecode.swift; path = ContentView.swift; sourceTree = "<group>"; };
		99450FF02AA92404006AFABD /* Assets.xcassets */ = {isa = PBXFileReference; lastKnownFileType = folder.assetcatalog; path = Assets.xcassets; sourceTree = "<group>"; };
		99450FF32AA92404006AFABD /* Preview Assets.xcassets */ = {isa = PBXFileReference; lastKnownFileType = folder.assetcatalog; path = "Preview Assets.xcassets"; sourceTree = "<group>"; };
		99A6E37C2AA9ECEE001941BC /* PostModel.swift */ = {isa = PBXFileReference; lastKnownFileType = sourcecode.swift; path = PostModel.swift; sourceTree = "<group>"; };
		99A6E37E2AA9ED1F001941BC /* DataController.swift */ = {isa = PBXFileReference; lastKnownFileType = sourcecode.swift; path = DataController.swift; sourceTree = "<group>"; };
		99A6E3812AA9EFC9001941BC /* DetailView.swift */ = {isa = PBXFileReference; lastKnownFileType = sourcecode.swift; path = DetailView.swift; sourceTree = "<group>"; };
		99A6E3882AAB8E14001941BC /* PostView.swift */ = {isa = PBXFileReference; lastKnownFileType = sourcecode.swift; path = PostView.swift; sourceTree = "<group>"; };
/* End PBXFileReference section */

/* Begin PBXFrameworksBuildPhase section */
		99450FE62AA92404006AFABD /* Frameworks */ = {
			isa = PBXFrameworksBuildPhase;
			buildActionMask = 2147483647;
			files = (
			);
			runOnlyForDeploymentPostprocessing = 0;
		};
/* End PBXFrameworksBuildPhase section */

/* Begin PBXGroup section */
		99450FE02AA92403006AFABD = {
			isa = PBXGroup;
			children = (
				99450FEB2AA92404006AFABD /* Json data */,
				99450FEA2AA92404006AFABD /* Products */,
			);
			sourceTree = "<group>";
		};
		99450FEA2AA92404006AFABD /* Products */ = {
			isa = PBXGroup;
			children = (
				99450FE92AA92404006AFABD /* Json data.app */,
			);
			name = Products;
			sourceTree = "<group>";
		};
		99450FEB2AA92404006AFABD /* Json data */ = {
			isa = PBXGroup;
			children = (
				99450FEC2AA92404006AFABD /* Json_dataApp.swift */,
				99A6E3832AA9F3DF001941BC /* Model */,
				99A6E3802AA9EFA4001941BC /* View */,
				99A6E3842AA9F3FC001941BC /* Controller */,
				99450FF02AA92404006AFABD /* Assets.xcassets */,
				99450FF22AA92404006AFABD /* Preview Content */,
			);
			path = "Json data";
			sourceTree = "<group>";
		};
		99450FF22AA92404006AFABD /* Preview Content */ = {
			isa = PBXGroup;
			children = (
				99450FF32AA92404006AFABD /* Preview Assets.xcassets */,
			);
			path = "Preview Content";
			sourceTree = "<group>";
		};
		99A6E3802AA9EFA4001941BC /* View */ = {
			isa = PBXGroup;
			children = (
				99450FEE2AA92404006AFABD /* ContentView.swift */,
				99A6E3812AA9EFC9001941BC /* DetailView.swift */,
				99A6E3882AAB8E14001941BC /* PostView.swift */,
			);
			path = View;
			sourceTree = "<group>";
		};
		99A6E3832AA9F3DF001941BC /* Model */ = {
			isa = PBXGroup;
			children = (
				99A6E37C2AA9ECEE001941BC /* PostModel.swift */,
			);
			path = Model;
			sourceTree = "<group>";
		};
		99A6E3842AA9F3FC001941BC /* Controller */ = {
			isa = PBXGroup;
			children = (
				99A6E37E2AA9ED1F001941BC /* DataController.swift */,
			);
			path = Controller;
			sourceTree = "<group>";
		};
/* End PBXGroup section */

/* Begin PBXNativeTarget section */
		99450FE82AA92404006AFABD /* Json data */ = {
			isa = PBXNativeTarget;
			buildConfigurationList = 99450FF72AA92404006AFABD /* Build configuration list for PBXNativeTarget "Json data" */;
			buildPhases = (
				99450FE52AA92404006AFABD /* Sources */,
				99450FE62AA92404006AFABD /* Frameworks */,
				99450FE72AA92404006AFABD /* Resources */,
			);
			buildRules = (
			);
			dependencies = (
			);
			name = "Json data";
			productName = "Json data";
			productReference = 99450FE92AA92404006AFABD /* Json data.app */;
			productType = "com.apple.product-type.application";
		};
/* End PBXNativeTarget section */

/* Begin PBXProject section */
		99450FE12AA92403006AFABD /* Project object */ = {
			isa = PBXProject;
			attributes = {
				BuildIndependentTargetsInParallel = 1;
				LastSwiftUpdateCheck = 1430;
				LastUpgradeCheck = 1430;
				TargetAttributes = {
					99450FE82AA92404006AFABD = {
						CreatedOnToolsVersion = 14.3.1;
					};
				};
			};
			buildConfigurationList = 99450FE42AA92403006AFABD /* Build configuration list for PBXProject "Json data" */;
			compatibilityVersion = "Xcode 14.0";
			developmentRegion = en;
			hasScannedForEncodings = 0;
			knownRegions = (
				en,
				Base,
			);
			mainGroup = 99450FE02AA92403006AFABD;
			productRefGroup = 99450FEA2AA92404006AFABD /* Products */;
			projectDirPath = "";
			projectRoot = "";
			targets = (
				99450FE82AA92404006AFABD /* Json data */,
			);
		};
/* End PBXProject section */

/* Begin PBXResourcesBuildPhase section */
		99450FE72AA92404006AFABD /* Resources */ = {
			isa = PBXResourcesBuildPhase;
			buildActionMask = 2147483647;
			files = (
				99450FF42AA92404006AFABD /* Preview Assets.xcassets in Resources */,
				99450FF12AA92404006AFABD /* Assets.xcassets in Resources */,
			);
			runOnlyForDeploymentPostprocessing = 0;
		};
/* End PBXResourcesBuildPhase section */

/* Begin PBXSourcesBuildPhase section */
		99450FE52AA92404006AFABD /* Sources */ = {
			isa = PBXSourcesBuildPhase;
			buildActionMask = 2147483647;
			files = (
				99A6E37D2AA9ECEE001941BC /* PostModel.swift in Sources */,
				99450FEF2AA92404006AFABD /* ContentView.swift in Sources */,
				99450FED2AA92404006AFABD /* Json_dataApp.swift in Sources */,
				99A6E3822AA9EFC9001941BC /* DetailView.swift in Sources */,
				99A6E3892AAB8E14001941BC /* PostView.swift in Sources */,
				99A6E37F2AA9ED1F001941BC /* DataController.swift in Sources */,
			);
			runOnlyForDeploymentPostprocessing = 0;
		};
/* End PBXSourcesBuildPhase section */

/* Begin XCBuildConfiguration section */
		99450FF52AA92404006AFABD /* Debug */ = {
			isa = XCBuildConfiguration;
			buildSettings = {
				ALWAYS_SEARCH_USER_PATHS = NO;
				CLANG_ANALYZER_NONNULL = YES;
				CLANG_ANALYZER_NUMBER_OBJECT_CONVERSION = YES_AGGRESSIVE;
				CLANG_CXX_LANGUAGE_STANDARD = "gnu++20";
				CLANG_ENABLE_MODULES = YES;
				CLANG_ENABLE_OBJC_ARC = YES;
				CLANG_ENABLE_OBJC_WEAK = YES;
				CLANG_WARN_BLOCK_CAPTURE_AUTORELEASING = YES;
				CLANG_WARN_BOOL_CONVERSION = YES;
				CLANG_WARN_COMMA = YES;
				CLANG_WARN_CONSTANT_CONVERSION = YES;
				CLANG_WARN_DEPRECATED_OBJC_IMPLEMENTATIONS = YES;
				CLANG_WARN_DIRECT_OBJC_ISA_USAGE = YES_ERROR;
				CLANG_WARN_DOCUMENTATION_COMMENTS = YES;
				CLANG_WARN_EMPTY_BODY = YES;
				CLANG_WARN_ENUM_CONVERSION = YES;
				CLANG_WARN_INFINITE_RECURSION = YES;
				CLANG_WARN_INT_CONVERSION = YES;
				CLANG_WARN_NON_LITERAL_NULL_CONVERSION = YES;
				CLANG_WARN_OBJC_IMPLICIT_RETAIN_SELF = YES;
				CLANG_WARN_OBJC_LITERAL_CONVERSION = YES;
				CLANG_WARN_OBJC_ROOT_CLASS = YES_ERROR;
				CLANG_WARN_QUOTED_INCLUDE_IN_FRAMEWORK_HEADER = YES;
				CLANG_WARN_RANGE_LOOP_ANALYSIS = YES;
				CLANG_WARN_STRICT_PROTOTYPES = YES;
				CLANG_WARN_SUSPICIOUS_MOVE = YES;
				CLANG_WARN_UNGUARDED_AVAILABILITY = YES_AGGRESSIVE;
				CLANG_WARN_UNREACHABLE_CODE = YES;
				CLANG_WARN__DUPLICATE_METHOD_MATCH = YES;
				COPY_PHASE_STRIP = NO;
				DEBUG_INFORMATION_FORMAT = dwarf;
				ENABLE_STRICT_OBJC_MSGSEND = YES;
				ENABLE_TESTABILITY = YES;
				GCC_C_LANGUAGE_STANDARD = gnu11;
				GCC_DYNAMIC_NO_PIC = NO;
				GCC_NO_COMMON_BLOCKS = YES;
				GCC_OPTIMIZATION_LEVEL = 0;
				GCC_PREPROCESSOR_DEFINITIONS = (
					"DEBUG=1",
					"$(inherited)",
				);
				GCC_WARN_64_TO_32_BIT_CONVERSION = YES;
				GCC_WARN_ABOUT_RETURN_TYPE = YES_ERROR;
				GCC_WARN_UNDECLARED_SELECTOR = YES;
				GCC_WARN_UNINITIALIZED_AUTOS = YES_AGGRESSIVE;
				GCC_WARN_UNUSED_FUNCTION = YES;
				GCC_WARN_UNUSED_VARIABLE = YES;
				IPHONEOS_DEPLOYMENT_TARGET = 16.4;
				MTL_ENABLE_DEBUG_INFO = INCLUDE_SOURCE;
				MTL_FAST_MATH = YES;
				ONLY_ACTIVE_ARCH = YES;
				SDKROOT = iphoneos;
				SWIFT_ACTIVE_COMPILATION_CONDITIONS = DEBUG;
				SWIFT_OPTIMIZATION_LEVEL = "-Onone";
			};
			name = Debug;
		};
		99450FF62AA92404006AFABD /* Release */ = {
			isa = XCBuildConfiguration;
			buildSettings = {
				ALWAYS_SEARCH_USER_PATHS = NO;
				CLANG_ANALYZER_NONNULL = YES;
				CLANG_ANALYZER_NUMBER_OBJECT_CONVERSION = YES_AGGRESSIVE;
				CLANG_CXX_LANGUAGE_STANDARD = "gnu++20";
				CLANG_ENABLE_MODULES = YES;
				CLANG_ENABLE_OBJC_ARC = YES;
				CLANG_ENABLE_OBJC_WEAK = YES;
				CLANG_WARN_BLOCK_CAPTURE_AUTORELEASING = YES;
				CLANG_WARN_BOOL_CONVERSION = YES;
				CLANG_WARN_COMMA = YES;
				CLANG_WARN_CONSTANT_CONVERSION = YES;
				CLANG_WARN_DEPRECATED_OBJC_IMPLEMENTATIONS = YES;
				CLANG_WARN_DIRECT_OBJC_ISA_USAGE = YES_ERROR;
				CLANG_WARN_DOCUMENTATION_COMMENTS = YES;
				CLANG_WARN_EMPTY_BODY = YES;
				CLANG_WARN_ENUM_CONVERSION = YES;
				CLANG_WARN_INFINITE_RECURSION = YES;
				CLANG_WARN_INT_CONVERSION = YES;
				CLANG_WARN_NON_LITERAL_NULL_CONVERSION = YES;
				CLANG_WARN_OBJC_IMPLICIT_RETAIN_SELF = YES;
				CLANG_WARN_OBJC_LITERAL_CONVERSION = YES;
				CLANG_WARN_OBJC_ROOT_CLASS = YES_ERROR;
				CLANG_WARN_QUOTED_INCLUDE_IN_FRAMEWORK_HEADER = YES;
				CLANG_WARN_RANGE_LOOP_ANALYSIS = YES;
				CLANG_WARN_STRICT_PROTOTYPES = YES;
				CLANG_WARN_SUSPICIOUS_MOVE = YES;
				CLANG_WARN_UNGUARDED_AVAILABILITY = YES_AGGRESSIVE;
				CLANG_WARN_UNREACHABLE_CODE = YES;
				CLANG_WARN__DUPLICATE_METHOD_MATCH = YES;
				COPY_PHASE_STRIP = NO;
				DEBUG_INFORMATION_FORMAT = "dwarf-with-dsym";
				ENABLE_NS_ASSERTIONS = NO;
				ENABLE_STRICT_OBJC_MSGSEND = YES;
				GCC_C_LANGUAGE_STANDARD = gnu11;
				GCC_NO_COMMON_BLOCKS = YES;
				GCC_WARN_64_TO_32_BIT_CONVERSION = YES;
				GCC_WARN_ABOUT_RETURN_TYPE = YES_ERROR;
				GCC_WARN_UNDECLARED_SELECTOR = YES;
				GCC_WARN_UNINITIALIZED_AUTOS = YES_AGGRESSIVE;
				GCC_WARN_UNUSED_FUNCTION = YES;
				GCC_WARN_UNUSED_VARIABLE = YES;
				IPHONEOS_DEPLOYMENT_TARGET = 16.4;
				MTL_ENABLE_DEBUG_INFO = NO;
				MTL_FAST_MATH = YES;
				SDKROOT = iphoneos;
				SWIFT_COMPILATION_MODE = wholemodule;
				SWIFT_OPTIMIZATION_LEVEL = "-O";
				VALIDATE_PRODUCT = YES;
			};
			name = Release;
		};
		99450FF82AA92404006AFABD /* Debug */ = {
			isa = XCBuildConfiguration;
			buildSettings = {
				ASSETCATALOG_COMPILER_APPICON_NAME = AppIcon;
				ASSETCATALOG_COMPILER_GLOBAL_ACCENT_COLOR_NAME = AccentColor;
				CODE_SIGN_STYLE = Automatic;
				CURRENT_PROJECT_VERSION = 1;
				DEVELOPMENT_ASSET_PATHS = "\"Json data/Preview Content\"";
				DEVELOPMENT_TEAM = P235BK7N77;
				ENABLE_PREVIEWS = YES;
				GENERATE_INFOPLIST_FILE = YES;
				INFOPLIST_KEY_UIApplicationSceneManifest_Generation = YES;
				INFOPLIST_KEY_UIApplicationSupportsIndirectInputEvents = YES;
				INFOPLIST_KEY_UILaunchScreen_Generation = YES;
				INFOPLIST_KEY_UISupportedInterfaceOrientations_iPad = "UIInterfaceOrientationPortrait UIInterfaceOrientationPortraitUpsideDown UIInterfaceOrientationLandscapeLeft UIInterfaceOrientationLandscapeRight";
				INFOPLIST_KEY_UISupportedInterfaceOrientations_iPhone = "UIInterfaceOrientationPortrait UIInterfaceOrientationLandscapeLeft UIInterfaceOrientationLandscapeRight";
				LD_RUNPATH_SEARCH_PATHS = (
					"$(inherited)",
					"@executable_path/Frameworks",
				);
				MARKETING_VERSION = 1.0;
				PRODUCT_BUNDLE_IDENTIFIER = "oleksii.haievskyi.Json-data";
				PRODUCT_NAME = "$(TARGET_NAME)";
				SWIFT_EMIT_LOC_STRINGS = YES;
				SWIFT_VERSION = 5.0;
				TARGETED_DEVICE_FAMILY = "1,2";
			};
			name = Debug;
		};
		99450FF92AA92404006AFABD /* Release */ = {
			isa = XCBuildConfiguration;
			buildSettings = {
				ASSETCATALOG_COMPILER_APPICON_NAME = AppIcon;
				ASSETCATALOG_COMPILER_GLOBAL_ACCENT_COLOR_NAME = AccentColor;
				CODE_SIGN_STYLE = Automatic;
				CURRENT_PROJECT_VERSION = 1;
				DEVELOPMENT_ASSET_PATHS = "\"Json data/Preview Content\"";
				DEVELOPMENT_TEAM = P235BK7N77;
				ENABLE_PREVIEWS = YES;
				GENERATE_INFOPLIST_FILE = YES;
				INFOPLIST_KEY_UIApplicationSceneManifest_Generation = YES;
				INFOPLIST_KEY_UIApplicationSupportsIndirectInputEvents = YES;
				INFOPLIST_KEY_UILaunchScreen_Generation = YES;
				INFOPLIST_KEY_UISupportedInterfaceOrientations_iPad = "UIInterfaceOrientationPortrait UIInterfaceOrientationPortraitUpsideDown UIInterfaceOrientationLandscapeLeft UIInterfaceOrientationLandscapeRight";
				INFOPLIST_KEY_UISupportedInterfaceOrientations_iPhone = "UIInterfaceOrientationPortrait UIInterfaceOrientationLandscapeLeft UIInterfaceOrientationLandscapeRight";
				LD_RUNPATH_SEARCH_PATHS = (
					"$(inherited)",
					"@executable_path/Frameworks",
				);
				MARKETING_VERSION = 1.0;
				PRODUCT_BUNDLE_IDENTIFIER = "oleksii.haievskyi.Json-data";
				PRODUCT_NAME = "$(TARGET_NAME)";
				SWIFT_EMIT_LOC_STRINGS = YES;
				SWIFT_VERSION = 5.0;
				TARGETED_DEVICE_FAMILY = "1,2";
			};
			name = Release;
		};
/* End XCBuildConfiguration section */

/* Begin XCConfigurationList section */
		99450FE42AA92403006AFABD /* Build configuration list for PBXProject "Json data" */ = {
			isa = XCConfigurationList;
			buildConfigurations = (
				99450FF52AA92404006AFABD /* Debug */,
				99450FF62AA92404006AFABD /* Release */,
			);
			defaultConfigurationIsVisible = 0;
			defaultConfigurationName = Release;
		};
		99450FF72AA92404006AFABD /* Build configuration list for PBXNativeTarget "Json data" */ = {
			isa = XCConfigurationList;
			buildConfigurations = (
				99450FF82AA92404006AFABD /* Debug */,
				99450FF92AA92404006AFABD /* Release */,
			);
			defaultConfigurationIsVisible = 0;
			defaultConfigurationName = Release;
		};
/* End XCConfigurationList section */
	};
	rootObject = 99450FE12AA92403006AFABD /* Project object */;
}
